// !$*UTF8*$!
{
	archiveVersion = 1;
	classes = {
	};
	objectVersion = 56;
	objects = {

/* Begin PBXBuildFile section */
		02DA5DD32973F2E900C5D37A /* AppDelegate.swift in Sources */ = {isa = PBXBuildFile; fileRef = 02DA5DD22973F2E900C5D37A /* AppDelegate.swift */; };
		02DA5DDC2973F2EA00C5D37A /* Assets.xcassets in Resources */ = {isa = PBXBuildFile; fileRef = 02DA5DDB2973F2EA00C5D37A /* Assets.xcassets */; };
		02DA5DDF2973F2EA00C5D37A /* LaunchScreen.storyboard in Resources */ = {isa = PBXBuildFile; fileRef = 02DA5DDD2973F2EA00C5D37A /* LaunchScreen.storyboard */; };
		02DA5DE72973F41A00C5D37A /* MainViewController.swift in Sources */ = {isa = PBXBuildFile; fileRef = 02DA5DE62973F41A00C5D37A /* MainViewController.swift */; };
		02DA5DED2973F67A00C5D37A /* SnapKit in Frameworks */ = {isa = PBXBuildFile; productRef = 02DA5DEC2973F67A00C5D37A /* SnapKit */; };
		02DA5DEF2973FE0E00C5D37A /* TaskTableViewCell.swift in Sources */ = {isa = PBXBuildFile; fileRef = 02DA5DEE2973FE0E00C5D37A /* TaskTableViewCell.swift */; };
		02DA5DF229783D1F00C5D37A /* TextField.swift in Sources */ = {isa = PBXBuildFile; fileRef = 02DA5DF129783D1F00C5D37A /* TextField.swift */; };
		02DA5DF5297950C800C5D37A /* Task.swift in Sources */ = {isa = PBXBuildFile; fileRef = 02DA5DF4297950C800C5D37A /* Task.swift */; };
		02DA5E1E297E9CDB00C5D37A /* CoreDataExtension.swift in Sources */ = {isa = PBXBuildFile; fileRef = 02DA5E1D297E9CDB00C5D37A /* CoreDataExtension.swift */; };
		02DA5E21297E9DA400C5D37A /* DataModel.xcdatamodeld in Sources */ = {isa = PBXBuildFile; fileRef = 02DA5E1F297E9DA400C5D37A /* DataModel.xcdatamodeld */; };
/* End PBXBuildFile section */

/* Begin PBXFileReference section */
		02DA5DCF2973F2E900C5D37A /* ToDoAppV2.app */ = {isa = PBXFileReference; explicitFileType = wrapper.application; includeInIndex = 0; path = ToDoAppV2.app; sourceTree = BUILT_PRODUCTS_DIR; };
		02DA5DD22973F2E900C5D37A /* AppDelegate.swift */ = {isa = PBXFileReference; lastKnownFileType = sourcecode.swift; path = AppDelegate.swift; sourceTree = "<group>"; };
		02DA5DDB2973F2EA00C5D37A /* Assets.xcassets */ = {isa = PBXFileReference; lastKnownFileType = folder.assetcatalog; path = Assets.xcassets; sourceTree = "<group>"; };
		02DA5DDE2973F2EA00C5D37A /* Base */ = {isa = PBXFileReference; lastKnownFileType = file.storyboard; name = Base; path = Base.lproj/LaunchScreen.storyboard; sourceTree = "<group>"; };
		02DA5DE02973F2EA00C5D37A /* Info.plist */ = {isa = PBXFileReference; lastKnownFileType = text.plist.xml; path = Info.plist; sourceTree = "<group>"; };
		02DA5DE62973F41A00C5D37A /* MainViewController.swift */ = {isa = PBXFileReference; lastKnownFileType = sourcecode.swift; path = MainViewController.swift; sourceTree = "<group>"; };
		02DA5DEE2973FE0E00C5D37A /* TaskTableViewCell.swift */ = {isa = PBXFileReference; lastKnownFileType = sourcecode.swift; path = TaskTableViewCell.swift; sourceTree = "<group>"; };
		02DA5DF129783D1F00C5D37A /* TextField.swift */ = {isa = PBXFileReference; lastKnownFileType = sourcecode.swift; path = TextField.swift; sourceTree = "<group>"; };
		02DA5DF4297950C800C5D37A /* Task.swift */ = {isa = PBXFileReference; lastKnownFileType = sourcecode.swift; path = Task.swift; sourceTree = "<group>"; };
		02DA5E1D297E9CDB00C5D37A /* CoreDataExtension.swift */ = {isa = PBXFileReference; lastKnownFileType = sourcecode.swift; path = CoreDataExtension.swift; sourceTree = "<group>"; };
		02DA5E20297E9DA400C5D37A /* DataModel.xcdatamodel */ = {isa = PBXFileReference; lastKnownFileType = wrapper.xcdatamodel; path = DataModel.xcdatamodel; sourceTree = "<group>"; };
/* End PBXFileReference section */

/* Begin PBXFrameworksBuildPhase section */
		02DA5DCC2973F2E900C5D37A /* Frameworks */ = {
			isa = PBXFrameworksBuildPhase;
			buildActionMask = 2147483647;
			files = (
				02DA5DED2973F67A00C5D37A /* SnapKit in Frameworks */,
			);
			runOnlyForDeploymentPostprocessing = 0;
		};
/* End PBXFrameworksBuildPhase section */

/* Begin PBXGroup section */
		02DA5DC62973F2E900C5D37A = {
			isa = PBXGroup;
			children = (
				02DA5DD12973F2E900C5D37A /* ToDoAppV2 */,
				02DA5DD02973F2E900C5D37A /* Products */,
			);
			sourceTree = "<group>";
		};
		02DA5DD02973F2E900C5D37A /* Products */ = {
			isa = PBXGroup;
			children = (
				02DA5DCF2973F2E900C5D37A /* ToDoAppV2.app */,
			);
			name = Products;
			sourceTree = "<group>";
		};
		02DA5DD12973F2E900C5D37A /* ToDoAppV2 */ = {
			isa = PBXGroup;
			children = (
				02DA5DF029783D0800C5D37A /* Extensions */,
				02DA5DEA2973F57800C5D37A /* Utils */,
				02DA5DE92973F55500C5D37A /* Resources */,
				02DA5DE82973F53800C5D37A /* Modules */,
				02DA5DE02973F2EA00C5D37A /* Info.plist */,
				02DA5E1F297E9DA400C5D37A /* DataModel.xcdatamodeld */,
			);
			path = ToDoAppV2;
			sourceTree = "<group>";
		};
		02DA5DE82973F53800C5D37A /* Modules */ = {
			isa = PBXGroup;
			children = (
				02DA5DF3297950BB00C5D37A /* Models */,
				02DA5DE62973F41A00C5D37A /* MainViewController.swift */,
				02DA5DEE2973FE0E00C5D37A /* TaskTableViewCell.swift */,
			);
			path = Modules;
			sourceTree = "<group>";
		};
		02DA5DE92973F55500C5D37A /* Resources */ = {
			isa = PBXGroup;
			children = (
				02DA5DDB2973F2EA00C5D37A /* Assets.xcassets */,
				02DA5DDD2973F2EA00C5D37A /* LaunchScreen.storyboard */,
			);
			path = Resources;
			sourceTree = "<group>";
		};
		02DA5DEA2973F57800C5D37A /* Utils */ = {
			isa = PBXGroup;
			children = (
				02DA5E1C297E9CAC00C5D37A /* AppDelegate Extensions */,
				02DA5DD22973F2E900C5D37A /* AppDelegate.swift */,
			);
			path = Utils;
			sourceTree = "<group>";
		};
		02DA5DF029783D0800C5D37A /* Extensions */ = {
			isa = PBXGroup;
			children = (
				02DA5DF129783D1F00C5D37A /* TextField.swift */,
			);
			path = Extensions;
			sourceTree = "<group>";
		};
		02DA5DF3297950BB00C5D37A /* Models */ = {
			isa = PBXGroup;
			children = (
				02DA5DF4297950C800C5D37A /* Task.swift */,
			);
			path = Models;
			sourceTree = "<group>";
		};
		02DA5E1C297E9CAC00C5D37A /* AppDelegate Extensions */ = {
			isa = PBXGroup;
			children = (
				02DA5E1D297E9CDB00C5D37A /* CoreDataExtension.swift */,
			);
			path = "AppDelegate Extensions";
			sourceTree = "<group>";
		};
/* End PBXGroup section */

/* Begin PBXNativeTarget section */
		02DA5DCE2973F2E900C5D37A /* ToDoAppV2 */ = {
			isa = PBXNativeTarget;
			buildConfigurationList = 02DA5DE32973F2EA00C5D37A /* Build configuration list for PBXNativeTarget "ToDoAppV2" */;
			buildPhases = (
				02DA5DCB2973F2E900C5D37A /* Sources */,
				02DA5DCC2973F2E900C5D37A /* Frameworks */,
				02DA5DCD2973F2E900C5D37A /* Resources */,
			);
			buildRules = (
			);
			dependencies = (
			);
			name = ToDoAppV2;
			packageProductDependencies = (
				02DA5DEC2973F67A00C5D37A /* SnapKit */,
			);
			productName = ToDoAppV2;
			productReference = 02DA5DCF2973F2E900C5D37A /* ToDoAppV2.app */;
			productType = "com.apple.product-type.application";
		};
/* End PBXNativeTarget section */

/* Begin PBXProject section */
		02DA5DC72973F2E900C5D37A /* Project object */ = {
			isa = PBXProject;
			attributes = {
				BuildIndependentTargetsInParallel = 1;
				LastSwiftUpdateCheck = 1420;
				LastUpgradeCheck = 1420;
				TargetAttributes = {
					02DA5DCE2973F2E900C5D37A = {
						CreatedOnToolsVersion = 14.2;
					};
				};
			};
			buildConfigurationList = 02DA5DCA2973F2E900C5D37A /* Build configuration list for PBXProject "ToDoAppV2" */;
			compatibilityVersion = "Xcode 14.0";
			developmentRegion = en;
			hasScannedForEncodings = 0;
			knownRegions = (
				en,
				Base,
			);
			mainGroup = 02DA5DC62973F2E900C5D37A;
			packageReferences = (
				02DA5DEB2973F67A00C5D37A /* XCRemoteSwiftPackageReference "SnapKit" */,
			);
			productRefGroup = 02DA5DD02973F2E900C5D37A /* Products */;
			projectDirPath = "";
			projectRoot = "";
			targets = (
				02DA5DCE2973F2E900C5D37A /* ToDoAppV2 */,
			);
		};
/* End PBXProject section */

/* Begin PBXResourcesBuildPhase section */
		02DA5DCD2973F2E900C5D37A /* Resources */ = {
			isa = PBXResourcesBuildPhase;
			buildActionMask = 2147483647;
			files = (
				02DA5DDF2973F2EA00C5D37A /* LaunchScreen.storyboard in Resources */,
				02DA5DDC2973F2EA00C5D37A /* Assets.xcassets in Resources */,
			);
			runOnlyForDeploymentPostprocessing = 0;
		};
/* End PBXResourcesBuildPhase section */

/* Begin PBXSourcesBuildPhase section */
		02DA5DCB2973F2E900C5D37A /* Sources */ = {
			isa = PBXSourcesBuildPhase;
			buildActionMask = 2147483647;
			files = (
				02DA5DD32973F2E900C5D37A /* AppDelegate.swift in Sources */,
				02DA5DE72973F41A00C5D37A /* MainViewController.swift in Sources */,
				02DA5E1E297E9CDB00C5D37A /* CoreDataExtension.swift in Sources */,
				02DA5E21297E9DA400C5D37A /* DataModel.xcdatamodeld in Sources */,
				02DA5DF5297950C800C5D37A /* Task.swift in Sources */,
				02DA5DEF2973FE0E00C5D37A /* TaskTableViewCell.swift in Sources */,
				02DA5DF229783D1F00C5D37A /* TextField.swift in Sources */,
			);
			runOnlyForDeploymentPostprocessing = 0;
		};
/* End PBXSourcesBuildPhase section */

/* Begin PBXVariantGroup section */
		02DA5DDD2973F2EA00C5D37A /* LaunchScreen.storyboard */ = {
			isa = PBXVariantGroup;
			children = (
				02DA5DDE2973F2EA00C5D37A /* Base */,
			);
			name = LaunchScreen.storyboard;
			sourceTree = "<group>";
		};
/* End PBXVariantGroup section */

/* Begin XCBuildConfiguration section */
		02DA5DE12973F2EA00C5D37A /* Debug */ = {
			isa = XCBuildConfiguration;
			buildSettings = {
				ALWAYS_SEARCH_USER_PATHS = NO;
				CLANG_ANALYZER_NONNULL = YES;
				CLANG_ANALYZER_NUMBER_OBJECT_CONVERSION = YES_AGGRESSIVE;
				CLANG_CXX_LANGUAGE_STANDARD = "gnu++20";
				CLANG_ENABLE_MODULES = YES;
				CLANG_ENABLE_OBJC_ARC = YES;
				CLANG_ENABLE_OBJC_WEAK = YES;
				CLANG_WARN_BLOCK_CAPTURE_AUTORELEASING = YES;
				CLANG_WARN_BOOL_CONVERSION = YES;
				CLANG_WARN_COMMA = YES;
				CLANG_WARN_CONSTANT_CONVERSION = YES;
				CLANG_WARN_DEPRECATED_OBJC_IMPLEMENTATIONS = YES;
				CLANG_WARN_DIRECT_OBJC_ISA_USAGE = YES_ERROR;
				CLANG_WARN_DOCUMENTATION_COMMENTS = YES;
				CLANG_WARN_EMPTY_BODY = YES;
				CLANG_WARN_ENUM_CONVERSION = YES;
				CLANG_WARN_INFINITE_RECURSION = YES;
				CLANG_WARN_INT_CONVERSION = YES;
				CLANG_WARN_NON_LITERAL_NULL_CONVERSION = YES;
				CLANG_WARN_OBJC_IMPLICIT_RETAIN_SELF = YES;
				CLANG_WARN_OBJC_LITERAL_CONVERSION = YES;
				CLANG_WARN_OBJC_ROOT_CLASS = YES_ERROR;
				CLANG_WARN_QUOTED_INCLUDE_IN_FRAMEWORK_HEADER = YES;
				CLANG_WARN_RANGE_LOOP_ANALYSIS = YES;
				CLANG_WARN_STRICT_PROTOTYPES = YES;
				CLANG_WARN_SUSPICIOUS_MOVE = YES;
				CLANG_WARN_UNGUARDED_AVAILABILITY = YES_AGGRESSIVE;
				CLANG_WARN_UNREACHABLE_CODE = YES;
				CLANG_WARN__DUPLICATE_METHOD_MATCH = YES;
				COPY_PHASE_STRIP = NO;
				DEBUG_INFORMATION_FORMAT = dwarf;
				ENABLE_STRICT_OBJC_MSGSEND = YES;
				ENABLE_TESTABILITY = YES;
				GCC_C_LANGUAGE_STANDARD = gnu11;
				GCC_DYNAMIC_NO_PIC = NO;
				GCC_NO_COMMON_BLOCKS = YES;
				GCC_OPTIMIZATION_LEVEL = 0;
				GCC_PREPROCESSOR_DEFINITIONS = (
					"DEBUG=1",
					"$(inherited)",
				);
				GCC_WARN_64_TO_32_BIT_CONVERSION = YES;
				GCC_WARN_ABOUT_RETURN_TYPE = YES_ERROR;
				GCC_WARN_UNDECLARED_SELECTOR = YES;
				GCC_WARN_UNINITIALIZED_AUTOS = YES_AGGRESSIVE;
				GCC_WARN_UNUSED_FUNCTION = YES;
				GCC_WARN_UNUSED_VARIABLE = YES;
				IPHONEOS_DEPLOYMENT_TARGET = 14.0;
				MTL_ENABLE_DEBUG_INFO = INCLUDE_SOURCE;
				MTL_FAST_MATH = YES;
				ONLY_ACTIVE_ARCH = YES;
				SDKROOT = iphoneos;
				SWIFT_ACTIVE_COMPILATION_CONDITIONS = DEBUG;
				SWIFT_OPTIMIZATION_LEVEL = "-Onone";
			};
			name = Debug;
		};
		02DA5DE22973F2EA00C5D37A /* Release */ = {
			isa = XCBuildConfiguration;
			buildSettings = {
				ALWAYS_SEARCH_USER_PATHS = NO;
				CLANG_ANALYZER_NONNULL = YES;
				CLANG_ANALYZER_NUMBER_OBJECT_CONVERSION = YES_AGGRESSIVE;
				CLANG_CXX_LANGUAGE_STANDARD = "gnu++20";
				CLANG_ENABLE_MODULES = YES;
				CLANG_ENABLE_OBJC_ARC = YES;
				CLANG_ENABLE_OBJC_WEAK = YES;
				CLANG_WARN_BLOCK_CAPTURE_AUTORELEASING = YES;
				CLANG_WARN_BOOL_CONVERSION = YES;
				CLANG_WARN_COMMA = YES;
				CLANG_WARN_CONSTANT_CONVERSION = YES;
				CLANG_WARN_DEPRECATED_OBJC_IMPLEMENTATIONS = YES;
				CLANG_WARN_DIRECT_OBJC_ISA_USAGE = YES_ERROR;
				CLANG_WARN_DOCUMENTATION_COMMENTS = YES;
				CLANG_WARN_EMPTY_BODY = YES;
				CLANG_WARN_ENUM_CONVERSION = YES;
				CLANG_WARN_INFINITE_RECURSION = YES;
				CLANG_WARN_INT_CONVERSION = YES;
				CLANG_WARN_NON_LITERAL_NULL_CONVERSION = YES;
				CLANG_WARN_OBJC_IMPLICIT_RETAIN_SELF = YES;
				CLANG_WARN_OBJC_LITERAL_CONVERSION = YES;
				CLANG_WARN_OBJC_ROOT_CLASS = YES_ERROR;
				CLANG_WARN_QUOTED_INCLUDE_IN_FRAMEWORK_HEADER = YES;
				CLANG_WARN_RANGE_LOOP_ANALYSIS = YES;
				CLANG_WARN_STRICT_PROTOTYPES = YES;
				CLANG_WARN_SUSPICIOUS_MOVE = YES;
				CLANG_WARN_UNGUARDED_AVAILABILITY = YES_AGGRESSIVE;
				CLANG_WARN_UNREACHABLE_CODE = YES;
				CLANG_WARN__DUPLICATE_METHOD_MATCH = YES;
				COPY_PHASE_STRIP = NO;
				DEBUG_INFORMATION_FORMAT = "dwarf-with-dsym";
				ENABLE_NS_ASSERTIONS = NO;
				ENABLE_STRICT_OBJC_MSGSEND = YES;
				GCC_C_LANGUAGE_STANDARD = gnu11;
				GCC_NO_COMMON_BLOCKS = YES;
				GCC_WARN_64_TO_32_BIT_CONVERSION = YES;
				GCC_WARN_ABOUT_RETURN_TYPE = YES_ERROR;
				GCC_WARN_UNDECLARED_SELECTOR = YES;
				GCC_WARN_UNINITIALIZED_AUTOS = YES_AGGRESSIVE;
				GCC_WARN_UNUSED_FUNCTION = YES;
				GCC_WARN_UNUSED_VARIABLE = YES;
				IPHONEOS_DEPLOYMENT_TARGET = 14.0;
				MTL_ENABLE_DEBUG_INFO = NO;
				MTL_FAST_MATH = YES;
				SDKROOT = iphoneos;
				SWIFT_COMPILATION_MODE = wholemodule;
				SWIFT_OPTIMIZATION_LEVEL = "-O";
				VALIDATE_PRODUCT = YES;
			};
			name = Release;
		};
		02DA5DE42973F2EA00C5D37A /* Debug */ = {
			isa = XCBuildConfiguration;
			buildSettings = {
				ASSETCATALOG_COMPILER_APPICON_NAME = AppIcon;
				ASSETCATALOG_COMPILER_GLOBAL_ACCENT_COLOR_NAME = AccentColor;
				CODE_SIGN_STYLE = Automatic;
				CURRENT_PROJECT_VERSION = 1;
				GENERATE_INFOPLIST_FILE = YES;
				INFOPLIST_FILE = ToDoAppV2/Info.plist;
				INFOPLIST_KEY_UIApplicationSupportsIndirectInputEvents = YES;
				INFOPLIST_KEY_UILaunchStoryboardName = LaunchScreen;
				INFOPLIST_KEY_UISupportedInterfaceOrientations = UIInterfaceOrientationPortrait;
				INFOPLIST_KEY_UISupportedInterfaceOrientations_iPad = "UIInterfaceOrientationLandscapeLeft UIInterfaceOrientationLandscapeRight UIInterfaceOrientationPortrait UIInterfaceOrientationPortraitUpsideDown";
				IPHONEOS_DEPLOYMENT_TARGET = 14.0;
				LD_RUNPATH_SEARCH_PATHS = (
					"$(inherited)",
					"@executable_path/Frameworks",
				);
				MARKETING_VERSION = 1.0;
				PRODUCT_BUNDLE_IDENTIFIER = Urmat.ToDoAppV2;
				PRODUCT_NAME = "$(TARGET_NAME)";
				SUPPORTED_PLATFORMS = "iphoneos iphonesimulator";
				SUPPORTS_MACCATALYST = NO;
				SUPPORTS_MAC_DESIGNED_FOR_IPHONE_IPAD = NO;
				SWIFT_EMIT_LOC_STRINGS = YES;
				SWIFT_VERSION = 5.0;
				TARGETED_DEVICE_FAMILY = 1;
			};
			name = Debug;
		};
		02DA5DE52973F2EA00C5D37A /* Release */ = {
			isa = XCBuildConfiguration;
			buildSettings = {
				ASSETCATALOG_COMPILER_APPICON_NAME = AppIcon;
				ASSETCATALOG_COMPILER_GLOBAL_ACCENT_COLOR_NAME = AccentColor;
				CODE_SIGN_STYLE = Automatic;
				CURRENT_PROJECT_VERSION = 1;
				GENERATE_INFOPLIST_FILE = YES;
				INFOPLIST_FILE = ToDoAppV2/Info.plist;
				INFOPLIST_KEY_UIApplicationSupportsIndirectInputEvents = YES;
				INFOPLIST_KEY_UILaunchStoryboardName = LaunchScreen;
				INFOPLIST_KEY_UISupportedInterfaceOrientations = UIInterfaceOrientationPortrait;
				INFOPLIST_KEY_UISupportedInterfaceOrientations_iPad = "UIInterfaceOrientationLandscapeLeft UIInterfaceOrientationLandscapeRight UIInterfaceOrientationPortrait UIInterfaceOrientationPortraitUpsideDown";
				IPHONEOS_DEPLOYMENT_TARGET = 14.0;
				LD_RUNPATH_SEARCH_PATHS = (
					"$(inherited)",
					"@executable_path/Frameworks",
				);
				MARKETING_VERSION = 1.0;
				PRODUCT_BUNDLE_IDENTIFIER = Urmat.ToDoAppV2;
				PRODUCT_NAME = "$(TARGET_NAME)";
				SUPPORTED_PLATFORMS = "iphoneos iphonesimulator";
				SUPPORTS_MACCATALYST = NO;
				SUPPORTS_MAC_DESIGNED_FOR_IPHONE_IPAD = NO;
				SWIFT_EMIT_LOC_STRINGS = YES;
				SWIFT_VERSION = 5.0;
				TARGETED_DEVICE_FAMILY = 1;
			};
			name = Release;
		};
/* End XCBuildConfiguration section */

/* Begin XCConfigurationList section */
		02DA5DCA2973F2E900C5D37A /* Build configuration list for PBXProject "ToDoAppV2" */ = {
			isa = XCConfigurationList;
			buildConfigurations = (
				02DA5DE12973F2EA00C5D37A /* Debug */,
				02DA5DE22973F2EA00C5D37A /* Release */,
			);
			defaultConfigurationIsVisible = 0;
			defaultConfigurationName = Release;
		};
		02DA5DE32973F2EA00C5D37A /* Build configuration list for PBXNativeTarget "ToDoAppV2" */ = {
			isa = XCConfigurationList;
			buildConfigurations = (
				02DA5DE42973F2EA00C5D37A /* Debug */,
				02DA5DE52973F2EA00C5D37A /* Release */,
			);
			defaultConfigurationIsVisible = 0;
			defaultConfigurationName = Release;
		};
/* End XCConfigurationList section */

/* Begin XCRemoteSwiftPackageReference section */
		02DA5DEB2973F67A00C5D37A /* XCRemoteSwiftPackageReference "SnapKit" */ = {
			isa = XCRemoteSwiftPackageReference;
			repositoryURL = "https://github.com/SnapKit/SnapKit";
			requirement = {
				kind = upToNextMajorVersion;
				minimumVersion = 5.0.0;
			};
		};
/* End XCRemoteSwiftPackageReference section */

/* Begin XCSwiftPackageProductDependency section */
		02DA5DEC2973F67A00C5D37A /* SnapKit */ = {
			isa = XCSwiftPackageProductDependency;
			package = 02DA5DEB2973F67A00C5D37A /* XCRemoteSwiftPackageReference "SnapKit" */;
			productName = SnapKit;
		};
/* End XCSwiftPackageProductDependency section */

/* Begin XCVersionGroup section */
		02DA5E1F297E9DA400C5D37A /* DataModel.xcdatamodeld */ = {
			isa = XCVersionGroup;
			children = (
				02DA5E20297E9DA400C5D37A /* DataModel.xcdatamodel */,
			);
			currentVersion = 02DA5E20297E9DA400C5D37A /* DataModel.xcdatamodel */;
			path = DataModel.xcdatamodeld;
			sourceTree = "<group>";
			versionGroupType = wrapper.xcdatamodel;
		};
/* End XCVersionGroup section */
	};
	rootObject = 02DA5DC72973F2E900C5D37A /* Project object */;
}
